
Microsoft Visual Studio Solution File, Format Version 12.00
# Visual Studio Version 16
VisualStudioVersion = 16.0.31424.327
MinimumVisualStudioVersion = 10.0.40219.1
Project("{FAE04EC0-301F-11D3-BF4B-00C04F79EFBC}") = "Grabaudio", "Grabaudio\Grabaudio.csproj", "{BA921F58-4F80-44A3-8105-F1AB0093F237}"
EndProject
Global
	GlobalSection(SolutionConfigurationPlatforms) = preSolution
		Debug|Any CPU = Debug|Any CPU
		Release|Any CPU = Release|Any CPU
	EndGlobalSection
	GlobalSection(ProjectConfigurationPlatforms) = postSolution
		{BA921F58-4F80-44A3-8105-F1AB0093F237}.Debug|Any CPU.ActiveCfg = Debug|Any CPU
		{BA921F58-4F80-44A3-8105-F1AB0093F237}.Debug|Any CPU.Build.0 = Debug|Any CPU
		{BA921F58-4F80-44A3-8105-F1AB0093F237}.Release|Any CPU.ActiveCfg = Release|Any CPU
		{BA921F58-4F80-44A3-8105-F1AB0093F237}.Release|Any CPU.Build.0 = Release|Any CPU
	EndGlobalSection
	GlobalSection(SolutionProperties) = preSolution
		HideSolutionNode = FALSE
	EndGlobalSection
	GlobalSection(ExtensibilityGlobals) = postSolution
		SolutionGuid = {5131D281-6683-49CE-89E6-879AA34331ED}
	EndGlobalSection
EndGlobal
